
Microsoft Visual Studio Solution File, Format Version 12.00
# Visual Studio Version 17
VisualStudioVersion = 17.11.35327.3
MinimumVisualStudioVersion = 10.0.40219.1
Project("{2150E333-8FDC-42A3-9474-1A3956D46DE8}") = "Services", "Services", "{0012E5A9-A4B4-4F4D-A48D-1F6D4B905D15}"
EndProject
Project("{2150E333-8FDC-42A3-9474-1A3956D46DE8}") = "APIContagem", "APIContagem", "{3EBD3B6D-2BDD-4AED-BDD5-B11E0150B8EE}"
EndProject
Project("{2150E333-8FDC-42A3-9474-1A3956D46DE8}") = "APIOrquestracao", "APIOrquestracao", "{4BB2FAD1-95B6-4828-9119-425CBD5C0BC5}"
EndProject
Project("{9A19103F-16F7-4668-BE54-9A1E7A4F7556}") = "AVS.Otel.APIContagem", "src\AVS.Otel.APIContagem\AVS.Otel.APIContagem.csproj", "{430E3FDA-5630-470F-89EF-240559761FE1}"
EndProject
Project("{9A19103F-16F7-4668-BE54-9A1E7A4F7556}") = "AVS.Otel.APIOrquestracao", "src\AVS.Otel.APIOrquestracao\AVS.Otel.APIOrquestracao.csproj", "{6980F87A-415B-41B2-BBE1-ECF39D5F4E48}"
EndProject
Project("{2150E333-8FDC-42A3-9474-1A3956D46DE8}") = "Solution Items", "Solution Items", "{3085936F-560C-432A-B01D-E2B2669D754A}"
	ProjectSection(SolutionItems) = preProject
		.editorconfig = .editorconfig
	EndProjectSection
EndProject
Global
	GlobalSection(SolutionConfigurationPlatforms) = preSolution
		Debug|Any CPU = Debug|Any CPU
		Release|Any CPU = Release|Any CPU
	EndGlobalSection
	GlobalSection(ProjectConfigurationPlatforms) = postSolution
		{430E3FDA-5630-470F-89EF-240559761FE1}.Debug|Any CPU.ActiveCfg = Debug|Any CPU
		{430E3FDA-5630-470F-89EF-240559761FE1}.Debug|Any CPU.Build.0 = Debug|Any CPU
		{430E3FDA-5630-470F-89EF-240559761FE1}.Release|Any CPU.ActiveCfg = Release|Any CPU
		{430E3FDA-5630-470F-89EF-240559761FE1}.Release|Any CPU.Build.0 = Release|Any CPU
		{6980F87A-415B-41B2-BBE1-ECF39D5F4E48}.Debug|Any CPU.ActiveCfg = Debug|Any CPU
		{6980F87A-415B-41B2-BBE1-ECF39D5F4E48}.Debug|Any CPU.Build.0 = Debug|Any CPU
		{6980F87A-415B-41B2-BBE1-ECF39D5F4E48}.Release|Any CPU.ActiveCfg = Release|Any CPU
		{6980F87A-415B-41B2-BBE1-ECF39D5F4E48}.Release|Any CPU.Build.0 = Release|Any CPU
	EndGlobalSection
	GlobalSection(SolutionProperties) = preSolution
		HideSolutionNode = FALSE
	EndGlobalSection
	GlobalSection(NestedProjects) = preSolution
		{3EBD3B6D-2BDD-4AED-BDD5-B11E0150B8EE} = {0012E5A9-A4B4-4F4D-A48D-1F6D4B905D15}
		{4BB2FAD1-95B6-4828-9119-425CBD5C0BC5} = {0012E5A9-A4B4-4F4D-A48D-1F6D4B905D15}
		{430E3FDA-5630-470F-89EF-240559761FE1} = {3EBD3B6D-2BDD-4AED-BDD5-B11E0150B8EE}
		{6980F87A-415B-41B2-BBE1-ECF39D5F4E48} = {4BB2FAD1-95B6-4828-9119-425CBD5C0BC5}
	EndGlobalSection
	GlobalSection(ExtensibilityGlobals) = postSolution
		SolutionGuid = {1DF2E13A-EE92-49C0-8643-50F0C726F07F}
	EndGlobalSection
EndGlobal
